
Microsoft Visual Studio Solution File, Format Version 12.00
# Visual Studio Version 16
VisualStudioVersion = 16.0.31729.503
MinimumVisualStudioVersion = 10.0.40219.1
Project("{FAE04EC0-301F-11D3-BF4B-00C04F79EFBC}") = "Casino", "Casino\Casino.csproj", "{37F74391-C27C-4367-B0F1-22FDBC0396E7}"
EndProject
Global
	GlobalSection(SolutionConfigurationPlatforms) = preSolution
		Debug|Any CPU = Debug|Any CPU
		Release|Any CPU = Release|Any CPU
	EndGlobalSection
	GlobalSection(ProjectConfigurationPlatforms) = postSolution
		{37F74391-C27C-4367-B0F1-22FDBC0396E7}.Debug|Any CPU.ActiveCfg = Debug|Any CPU
		{37F74391-C27C-4367-B0F1-22FDBC0396E7}.Debug|Any CPU.Build.0 = Debug|Any CPU
		{37F74391-C27C-4367-B0F1-22FDBC0396E7}.Release|Any CPU.ActiveCfg = Release|Any CPU
		{37F74391-C27C-4367-B0F1-22FDBC0396E7}.Release|Any CPU.Build.0 = Release|Any CPU
	EndGlobalSection
	GlobalSection(SolutionProperties) = preSolution
		HideSolutionNode = FALSE
	EndGlobalSection
	GlobalSection(ExtensibilityGlobals) = postSolution
		SolutionGuid = {E2866656-8428-4FF0-A278-B91CF2450762}
	EndGlobalSection
EndGlobal
